// !$*UTF8*$!
{
	archiveVersion = 1;
	classes = {
	};
	objectVersion = 55;
	objects = {

/* Begin PBXBuildFile section */
		7A4F89A7288D4BEF009B8200 /* AppDelegate.swift in Sources */ = {isa = PBXBuildFile; fileRef = 7A4F89A6288D4BEF009B8200 /* AppDelegate.swift */; };
		7A4F89A9288D4BEF009B8200 /* SceneDelegate.swift in Sources */ = {isa = PBXBuildFile; fileRef = 7A4F89A8288D4BEF009B8200 /* SceneDelegate.swift */; };
		7A4F89AB288D4BEF009B8200 /* Hw1About.swift in Sources */ = {isa = PBXBuildFile; fileRef = 7A4F89AA288D4BEF009B8200 /* Hw1About.swift */; };
		7A4F89AE288D4BEF009B8200 /* Main.storyboard in Resources */ = {isa = PBXBuildFile; fileRef = 7A4F89AC288D4BEF009B8200 /* Main.storyboard */; };
		7A4F89B0288D4BF0009B8200 /* Assets.xcassets in Resources */ = {isa = PBXBuildFile; fileRef = 7A4F89AF288D4BF0009B8200 /* Assets.xcassets */; };
		7A4F89B3288D4BF0009B8200 /* LaunchScreen.storyboard in Resources */ = {isa = PBXBuildFile; fileRef = 7A4F89B1288D4BF0009B8200 /* LaunchScreen.storyboard */; };
		7A4F89BC288F09F5009B8200 /* TodoItem.swift in Sources */ = {isa = PBXBuildFile; fileRef = 7A4F89BB288F09F5009B8200 /* TodoItem.swift */; };
		7A4F89BE288F0E47009B8200 /* README.txt in Resources */ = {isa = PBXBuildFile; fileRef = 7A4F89BD288F0E47009B8200 /* README.txt */; };
/* End PBXBuildFile section */

/* Begin PBXFileReference section */
		7A4F89A3288D4BEF009B8200 /* YandexSchool.app */ = {isa = PBXFileReference; explicitFileType = wrapper.application; includeInIndex = 0; path = YandexSchool.app; sourceTree = BUILT_PRODUCTS_DIR; };
		7A4F89A6288D4BEF009B8200 /* AppDelegate.swift */ = {isa = PBXFileReference; lastKnownFileType = sourcecode.swift; path = AppDelegate.swift; sourceTree = "<group>"; };
		7A4F89A8288D4BEF009B8200 /* SceneDelegate.swift */ = {isa = PBXFileReference; lastKnownFileType = sourcecode.swift; path = SceneDelegate.swift; sourceTree = "<group>"; };
		7A4F89AA288D4BEF009B8200 /* Hw1About.swift */ = {isa = PBXFileReference; lastKnownFileType = sourcecode.swift; path = Hw1About.swift; sourceTree = "<group>"; };
		7A4F89AD288D4BEF009B8200 /* Base */ = {isa = PBXFileReference; lastKnownFileType = file.storyboard; name = Base; path = Base.lproj/Main.storyboard; sourceTree = "<group>"; };
		7A4F89AF288D4BF0009B8200 /* Assets.xcassets */ = {isa = PBXFileReference; lastKnownFileType = folder.assetcatalog; path = Assets.xcassets; sourceTree = "<group>"; };
		7A4F89B2288D4BF0009B8200 /* Base */ = {isa = PBXFileReference; lastKnownFileType = file.storyboard; name = Base; path = Base.lproj/LaunchScreen.storyboard; sourceTree = "<group>"; };
		7A4F89B4288D4BF0009B8200 /* Info.plist */ = {isa = PBXFileReference; lastKnownFileType = text.plist.xml; path = Info.plist; sourceTree = "<group>"; };
		7A4F89BB288F09F5009B8200 /* TodoItem.swift */ = {isa = PBXFileReference; lastKnownFileType = sourcecode.swift; path = TodoItem.swift; sourceTree = "<group>"; };
		7A4F89BD288F0E47009B8200 /* README.txt */ = {isa = PBXFileReference; lastKnownFileType = text; path = README.txt; sourceTree = "<group>"; };
/* End PBXFileReference section */

/* Begin PBXFrameworksBuildPhase section */
		7A4F89A0288D4BEF009B8200 /* Frameworks */ = {
			isa = PBXFrameworksBuildPhase;
			buildActionMask = 2147483647;
			files = (
			);
			runOnlyForDeploymentPostprocessing = 0;
		};
/* End PBXFrameworksBuildPhase section */

/* Begin PBXGroup section */
		7A4F899A288D4BEF009B8200 = {
			isa = PBXGroup;
			children = (
				7A4F89A5288D4BEF009B8200 /* YandexSchool */,
				7A4F89A4288D4BEF009B8200 /* Products */,
			);
			sourceTree = "<group>";
		};
		7A4F89A4288D4BEF009B8200 /* Products */ = {
			isa = PBXGroup;
			children = (
				7A4F89A3288D4BEF009B8200 /* YandexSchool.app */,
			);
			name = Products;
			sourceTree = "<group>";
		};
		7A4F89A5288D4BEF009B8200 /* YandexSchool */ = {
			isa = PBXGroup;
			children = (
				7A4F89BA288F09C3009B8200 /* model */,
				7A4F89A6288D4BEF009B8200 /* AppDelegate.swift */,
				7A4F89A8288D4BEF009B8200 /* SceneDelegate.swift */,
				7A4F89AA288D4BEF009B8200 /* Hw1About.swift */,
				7A4F89AC288D4BEF009B8200 /* Main.storyboard */,
				7A4F89AF288D4BF0009B8200 /* Assets.xcassets */,
				7A4F89B1288D4BF0009B8200 /* LaunchScreen.storyboard */,
				7A4F89B4288D4BF0009B8200 /* Info.plist */,
				7A4F89BD288F0E47009B8200 /* README.txt */,
			);
			path = YandexSchool;
			sourceTree = "<group>";
		};
		7A4F89BA288F09C3009B8200 /* model */ = {
			isa = PBXGroup;
			children = (
				7A4F89BB288F09F5009B8200 /* TodoItem.swift */,
			);
			path = model;
			sourceTree = "<group>";
		};
/* End PBXGroup section */

/* Begin PBXNativeTarget section */
		7A4F89A2288D4BEF009B8200 /* YandexSchool */ = {
			isa = PBXNativeTarget;
			buildConfigurationList = 7A4F89B7288D4BF0009B8200 /* Build configuration list for PBXNativeTarget "YandexSchool" */;
			buildPhases = (
				7A4F899F288D4BEF009B8200 /* Sources */,
				7A4F89A0288D4BEF009B8200 /* Frameworks */,
				7A4F89A1288D4BEF009B8200 /* Resources */,
			);
			buildRules = (
			);
			dependencies = (
			);
			name = YandexSchool;
			productName = YandexSchool;
			productReference = 7A4F89A3288D4BEF009B8200 /* YandexSchool.app */;
			productType = "com.apple.product-type.application";
		};
/* End PBXNativeTarget section */

/* Begin PBXProject section */
		7A4F899B288D4BEF009B8200 /* Project object */ = {
			isa = PBXProject;
			attributes = {
				BuildIndependentTargetsInParallel = 1;
				LastSwiftUpdateCheck = 1340;
				LastUpgradeCheck = 1340;
				TargetAttributes = {
					7A4F89A2288D4BEF009B8200 = {
						CreatedOnToolsVersion = 13.4.1;
					};
				};
			};
			buildConfigurationList = 7A4F899E288D4BEF009B8200 /* Build configuration list for PBXProject "YandexSchool" */;
			compatibilityVersion = "Xcode 13.0";
			developmentRegion = en;
			hasScannedForEncodings = 0;
			knownRegions = (
				en,
				Base,
			);
			mainGroup = 7A4F899A288D4BEF009B8200;
			productRefGroup = 7A4F89A4288D4BEF009B8200 /* Products */;
			projectDirPath = "";
			projectRoot = "";
			targets = (
				7A4F89A2288D4BEF009B8200 /* YandexSchool */,
			);
		};
/* End PBXProject section */

/* Begin PBXResourcesBuildPhase section */
		7A4F89A1288D4BEF009B8200 /* Resources */ = {
			isa = PBXResourcesBuildPhase;
			buildActionMask = 2147483647;
			files = (
				7A4F89B3288D4BF0009B8200 /* LaunchScreen.storyboard in Resources */,
				7A4F89B0288D4BF0009B8200 /* Assets.xcassets in Resources */,
				7A4F89BE288F0E47009B8200 /* README.txt in Resources */,
				7A4F89AE288D4BEF009B8200 /* Main.storyboard in Resources */,
			);
			runOnlyForDeploymentPostprocessing = 0;
		};
/* End PBXResourcesBuildPhase section */

/* Begin PBXSourcesBuildPhase section */
		7A4F899F288D4BEF009B8200 /* Sources */ = {
			isa = PBXSourcesBuildPhase;
			buildActionMask = 2147483647;
			files = (
				7A4F89AB288D4BEF009B8200 /* Hw1About.swift in Sources */,
				7A4F89A7288D4BEF009B8200 /* AppDelegate.swift in Sources */,
				7A4F89BC288F09F5009B8200 /* TodoItem.swift in Sources */,
				7A4F89A9288D4BEF009B8200 /* SceneDelegate.swift in Sources */,
			);
			runOnlyForDeploymentPostprocessing = 0;
		};
/* End PBXSourcesBuildPhase section */

/* Begin PBXVariantGroup section */
		7A4F89AC288D4BEF009B8200 /* Main.storyboard */ = {
			isa = PBXVariantGroup;
			children = (
				7A4F89AD288D4BEF009B8200 /* Base */,
			);
			name = Main.storyboard;
			sourceTree = "<group>";
		};
		7A4F89B1288D4BF0009B8200 /* LaunchScreen.storyboard */ = {
			isa = PBXVariantGroup;
			children = (
				7A4F89B2288D4BF0009B8200 /* Base */,
			);
			name = LaunchScreen.storyboard;
			sourceTree = "<group>";
		};
/* End PBXVariantGroup section */

/* Begin XCBuildConfiguration section */
		7A4F89B5288D4BF0009B8200 /* Debug */ = {
			isa = XCBuildConfiguration;
			buildSettings = {
				ALWAYS_SEARCH_USER_PATHS = NO;
				CLANG_ANALYZER_NONNULL = YES;
				CLANG_ANALYZER_NUMBER_OBJECT_CONVERSION = YES_AGGRESSIVE;
				CLANG_CXX_LANGUAGE_STANDARD = "gnu++17";
				CLANG_ENABLE_MODULES = YES;
				CLANG_ENABLE_OBJC_ARC = YES;
				CLANG_ENABLE_OBJC_WEAK = YES;
				CLANG_WARN_BLOCK_CAPTURE_AUTORELEASING = YES;
				CLANG_WARN_BOOL_CONVERSION = YES;
				CLANG_WARN_COMMA = YES;
				CLANG_WARN_CONSTANT_CONVERSION = YES;
				CLANG_WARN_DEPRECATED_OBJC_IMPLEMENTATIONS = YES;
				CLANG_WARN_DIRECT_OBJC_ISA_USAGE = YES_ERROR;
				CLANG_WARN_DOCUMENTATION_COMMENTS = YES;
				CLANG_WARN_EMPTY_BODY = YES;
				CLANG_WARN_ENUM_CONVERSION = YES;
				CLANG_WARN_INFINITE_RECURSION = YES;
				CLANG_WARN_INT_CONVERSION = YES;
				CLANG_WARN_NON_LITERAL_NULL_CONVERSION = YES;
				CLANG_WARN_OBJC_IMPLICIT_RETAIN_SELF = YES;
				CLANG_WARN_OBJC_LITERAL_CONVERSION = YES;
				CLANG_WARN_OBJC_ROOT_CLASS = YES_ERROR;
				CLANG_WARN_QUOTED_INCLUDE_IN_FRAMEWORK_HEADER = YES;
				CLANG_WARN_RANGE_LOOP_ANALYSIS = YES;
				CLANG_WARN_STRICT_PROTOTYPES = YES;
				CLANG_WARN_SUSPICIOUS_MOVE = YES;
				CLANG_WARN_UNGUARDED_AVAILABILITY = YES_AGGRESSIVE;
				CLANG_WARN_UNREACHABLE_CODE = YES;
				CLANG_WARN__DUPLICATE_METHOD_MATCH = YES;
				COPY_PHASE_STRIP = NO;
				DEBUG_INFORMATION_FORMAT = dwarf;
				ENABLE_STRICT_OBJC_MSGSEND = YES;
				ENABLE_TESTABILITY = YES;
				GCC_C_LANGUAGE_STANDARD = gnu11;
				GCC_DYNAMIC_NO_PIC = NO;
				GCC_NO_COMMON_BLOCKS = YES;
				GCC_OPTIMIZATION_LEVEL = 0;
				GCC_PREPROCESSOR_DEFINITIONS = (
					"DEBUG=1",
					"$(inherited)",
				);
				GCC_WARN_64_TO_32_BIT_CONVERSION = YES;
				GCC_WARN_ABOUT_RETURN_TYPE = YES_ERROR;
				GCC_WARN_UNDECLARED_SELECTOR = YES;
				GCC_WARN_UNINITIALIZED_AUTOS = YES_AGGRESSIVE;
				GCC_WARN_UNUSED_FUNCTION = YES;
				GCC_WARN_UNUSED_VARIABLE = YES;
				IPHONEOS_DEPLOYMENT_TARGET = 15.5;
				MTL_ENABLE_DEBUG_INFO = INCLUDE_SOURCE;
				MTL_FAST_MATH = YES;
				ONLY_ACTIVE_ARCH = YES;
				SDKROOT = iphoneos;
				SWIFT_ACTIVE_COMPILATION_CONDITIONS = DEBUG;
				SWIFT_OPTIMIZATION_LEVEL = "-Onone";
			};
			name = Debug;
		};
		7A4F89B6288D4BF0009B8200 /* Release */ = {
			isa = XCBuildConfiguration;
			buildSettings = {
				ALWAYS_SEARCH_USER_PATHS = NO;
				CLANG_ANALYZER_NONNULL = YES;
				CLANG_ANALYZER_NUMBER_OBJECT_CONVERSION = YES_AGGRESSIVE;
				CLANG_CXX_LANGUAGE_STANDARD = "gnu++17";
				CLANG_ENABLE_MODULES = YES;
				CLANG_ENABLE_OBJC_ARC = YES;
				CLANG_ENABLE_OBJC_WEAK = YES;
				CLANG_WARN_BLOCK_CAPTURE_AUTORELEASING = YES;
				CLANG_WARN_BOOL_CONVERSION = YES;
				CLANG_WARN_COMMA = YES;
				CLANG_WARN_CONSTANT_CONVERSION = YES;
				CLANG_WARN_DEPRECATED_OBJC_IMPLEMENTATIONS = YES;
				CLANG_WARN_DIRECT_OBJC_ISA_USAGE = YES_ERROR;
				CLANG_WARN_DOCUMENTATION_COMMENTS = YES;
				CLANG_WARN_EMPTY_BODY = YES;
				CLANG_WARN_ENUM_CONVERSION = YES;
				CLANG_WARN_INFINITE_RECURSION = YES;
				CLANG_WARN_INT_CONVERSION = YES;
				CLANG_WARN_NON_LITERAL_NULL_CONVERSION = YES;
				CLANG_WARN_OBJC_IMPLICIT_RETAIN_SELF = YES;
				CLANG_WARN_OBJC_LITERAL_CONVERSION = YES;
				CLANG_WARN_OBJC_ROOT_CLASS = YES_ERROR;
				CLANG_WARN_QUOTED_INCLUDE_IN_FRAMEWORK_HEADER = YES;
				CLANG_WARN_RANGE_LOOP_ANALYSIS = YES;
				CLANG_WARN_STRICT_PROTOTYPES = YES;
				CLANG_WARN_SUSPICIOUS_MOVE = YES;
				CLANG_WARN_UNGUARDED_AVAILABILITY = YES_AGGRESSIVE;
				CLANG_WARN_UNREACHABLE_CODE = YES;
				CLANG_WARN__DUPLICATE_METHOD_MATCH = YES;
				COPY_PHASE_STRIP = NO;
				DEBUG_INFORMATION_FORMAT = "dwarf-with-dsym";
				ENABLE_NS_ASSERTIONS = NO;
				ENABLE_STRICT_OBJC_MSGSEND = YES;
				GCC_C_LANGUAGE_STANDARD = gnu11;
				GCC_NO_COMMON_BLOCKS = YES;
				GCC_WARN_64_TO_32_BIT_CONVERSION = YES;
				GCC_WARN_ABOUT_RETURN_TYPE = YES_ERROR;
				GCC_WARN_UNDECLARED_SELECTOR = YES;
				GCC_WARN_UNINITIALIZED_AUTOS = YES_AGGRESSIVE;
				GCC_WARN_UNUSED_FUNCTION = YES;
				GCC_WARN_UNUSED_VARIABLE = YES;
				IPHONEOS_DEPLOYMENT_TARGET = 15.5;
				MTL_ENABLE_DEBUG_INFO = NO;
				MTL_FAST_MATH = YES;
				SDKROOT = iphoneos;
				SWIFT_COMPILATION_MODE = wholemodule;
				SWIFT_OPTIMIZATION_LEVEL = "-O";
				VALIDATE_PRODUCT = YES;
			};
			name = Release;
		};
		7A4F89B8288D4BF0009B8200 /* Debug */ = {
			isa = XCBuildConfiguration;
			buildSettings = {
				ASSETCATALOG_COMPILER_APPICON_NAME = AppIcon;
				ASSETCATALOG_COMPILER_GLOBAL_ACCENT_COLOR_NAME = AccentColor;
				CODE_SIGN_STYLE = Automatic;
				CURRENT_PROJECT_VERSION = 1;
				GENERATE_INFOPLIST_FILE = YES;
				INFOPLIST_FILE = YandexSchool/Info.plist;
				INFOPLIST_KEY_UIApplicationSupportsIndirectInputEvents = YES;
				INFOPLIST_KEY_UILaunchStoryboardName = LaunchScreen;
				INFOPLIST_KEY_UIMainStoryboardFile = Main;
				INFOPLIST_KEY_UISupportedInterfaceOrientations_iPad = "UIInterfaceOrientationPortrait UIInterfaceOrientationPortraitUpsideDown UIInterfaceOrientationLandscapeLeft UIInterfaceOrientationLandscapeRight";
				INFOPLIST_KEY_UISupportedInterfaceOrientations_iPhone = "UIInterfaceOrientationPortrait UIInterfaceOrientationLandscapeLeft UIInterfaceOrientationLandscapeRight";
				IPHONEOS_DEPLOYMENT_TARGET = 13.0;
				LD_RUNPATH_SEARCH_PATHS = (
					"$(inherited)",
					"@executable_path/Frameworks",
				);
				MARKETING_VERSION = 1.0;
				PRODUCT_BUNDLE_IDENTIFIER = com.averveyko.YandexSchool;
				PRODUCT_NAME = "$(TARGET_NAME)";
				SWIFT_EMIT_LOC_STRINGS = YES;
				SWIFT_VERSION = 5.0;
				TARGETED_DEVICE_FAMILY = "1,2";
			};
			name = Debug;
		};
		7A4F89B9288D4BF0009B8200 /* Release */ = {
			isa = XCBuildConfiguration;
			buildSettings = {
				ASSETCATALOG_COMPILER_APPICON_NAME = AppIcon;
				ASSETCATALOG_COMPILER_GLOBAL_ACCENT_COLOR_NAME = AccentColor;
				CODE_SIGN_STYLE = Automatic;
				CURRENT_PROJECT_VERSION = 1;
				GENERATE_INFOPLIST_FILE = YES;
				INFOPLIST_FILE = YandexSchool/Info.plist;
				INFOPLIST_KEY_UIApplicationSupportsIndirectInputEvents = YES;
				INFOPLIST_KEY_UILaunchStoryboardName = LaunchScreen;
				INFOPLIST_KEY_UIMainStoryboardFile = Main;
				INFOPLIST_KEY_UISupportedInterfaceOrientations_iPad = "UIInterfaceOrientationPortrait UIInterfaceOrientationPortraitUpsideDown UIInterfaceOrientationLandscapeLeft UIInterfaceOrientationLandscapeRight";
				INFOPLIST_KEY_UISupportedInterfaceOrientations_iPhone = "UIInterfaceOrientationPortrait UIInterfaceOrientationLandscapeLeft UIInterfaceOrientationLandscapeRight";
				IPHONEOS_DEPLOYMENT_TARGET = 13.0;
				LD_RUNPATH_SEARCH_PATHS = (
					"$(inherited)",
					"@executable_path/Frameworks",
				);
				MARKETING_VERSION = 1.0;
				PRODUCT_BUNDLE_IDENTIFIER = com.averveyko.YandexSchool;
				PRODUCT_NAME = "$(TARGET_NAME)";
				SWIFT_EMIT_LOC_STRINGS = YES;
				SWIFT_VERSION = 5.0;
				TARGETED_DEVICE_FAMILY = "1,2";
			};
			name = Release;
		};
/* End XCBuildConfiguration section */

/* Begin XCConfigurationList section */
		7A4F899E288D4BEF009B8200 /* Build configuration list for PBXProject "YandexSchool" */ = {
			isa = XCConfigurationList;
			buildConfigurations = (
				7A4F89B5288D4BF0009B8200 /* Debug */,
				7A4F89B6288D4BF0009B8200 /* Release */,
			);
			defaultConfigurationIsVisible = 0;
			defaultConfigurationName = Release;
		};
		7A4F89B7288D4BF0009B8200 /* Build configuration list for PBXNativeTarget "YandexSchool" */ = {
			isa = XCConfigurationList;
			buildConfigurations = (
				7A4F89B8288D4BF0009B8200 /* Debug */,
				7A4F89B9288D4BF0009B8200 /* Release */,
			);
			defaultConfigurationIsVisible = 0;
			defaultConfigurationName = Release;
		};
/* End XCConfigurationList section */
	};
	rootObject = 7A4F899B288D4BEF009B8200 /* Project object */;
}
